
Microsoft Visual Studio Solution File, Format Version 11.00
# Visual Studio 2010
Project("{FAE04EC0-301F-11D3-BF4B-00C04F79EFBC}") = "UnityEngine.TestRunner", "UnityEngine.TestRunner.csproj", "{d7d0f455-b51d-41e4-1da6-11c19a165e17}"
EndProject
Project("{FAE04EC0-301F-11D3-BF4B-00C04F79EFBC}") = "Unity.Mathematics", "Unity.Mathematics.csproj", "{0f183c81-6cb5-82c8-eac3-b40546703b2f}"
EndProject
Project("{FAE04EC0-301F-11D3-BF4B-00C04F79EFBC}") = "Unity.InputSystem", "Unity.InputSystem.csproj", "{ee5c8958-bb52-127c-2d24-c49e75405ba2}"
EndProject
Project("{FAE04EC0-301F-11D3-BF4B-00C04F79EFBC}") = "Assembly-CSharp", "Assembly-CSharp.csproj", "{3b4bdb3b-e2f7-6587-08dc-2f1a9e55519e}"
EndProject
Project("{FAE04EC0-301F-11D3-BF4B-00C04F79EFBC}") = "Unity.2D.Animation.Runtime", "Unity.2D.Animation.Runtime.csproj", "{bd7d8784-693a-3d9c-04c9-e735a1fbb11e}"
EndProject
Project("{FAE04EC0-301F-11D3-BF4B-00C04F79EFBC}") = "Unity.TextMeshPro", "Unity.TextMeshPro.csproj", "{673d7791-0e00-f44e-8c38-4603c8be4145}"
EndProject
Project("{FAE04EC0-301F-11D3-BF4B-00C04F79EFBC}") = "Cinemachine", "Cinemachine.csproj", "{081f77f5-914b-1931-4ade-d8611dc07340}"
EndProject
Project("{FAE04EC0-301F-11D3-BF4B-00C04F79EFBC}") = "Unity.Timeline", "Unity.Timeline.csproj", "{91960629-2765-aab3-930e-370b121c5741}"
EndProject
Project("{FAE04EC0-301F-11D3-BF4B-00C04F79EFBC}") = "Unity.2D.SpriteShape.Runtime", "Unity.2D.SpriteShape.Runtime.csproj", "{0ac2d99b-906c-b789-111f-fa00ba00d061}"
EndProject
Project("{FAE04EC0-301F-11D3-BF4B-00C04F79EFBC}") = "Unity.2D.Animation.Triangle.Runtime", "Unity.2D.Animation.Triangle.Runtime.csproj", "{bf9a8539-2fbe-4d1f-43fd-d15f9bce5598}"
EndProject
Project("{FAE04EC0-301F-11D3-BF4B-00C04F79EFBC}") = "Unity.2D.PixelPerfect", "Unity.2D.PixelPerfect.csproj", "{cdcda2d0-2951-1df3-81e7-5b92eb953ca3}"
EndProject
Project("{FAE04EC0-301F-11D3-BF4B-00C04F79EFBC}") = "Unity.2D.IK.Runtime", "Unity.2D.IK.Runtime.csproj", "{c68c652f-af49-ccd3-5142-f810307b5f16}"
EndProject
Project("{FAE04EC0-301F-11D3-BF4B-00C04F79EFBC}") = "Unity.2D.Common.Runtime", "Unity.2D.Common.Runtime.csproj", "{d99edfc7-221c-3312-96e7-d2efae9f49bb}"
EndProject
Project("{FAE04EC0-301F-11D3-BF4B-00C04F79EFBC}") = "Unity.InternalAPIEngineBridge.001", "Unity.InternalAPIEngineBridge.001.csproj", "{ce6d840e-c6d1-a310-edfc-99d97622eeac}"
EndProject
Project("{FAE04EC0-301F-11D3-BF4B-00C04F79EFBC}") = "Unity.RenderPipelines.Core.Runtime", "Unity.RenderPipelines.Core.Runtime.csproj", "{b0cbc076-3d47-3687-2c90-6fba62ecea15}"
EndProject
Project("{FAE04EC0-301F-11D3-BF4B-00C04F79EFBC}") = "Unity.RenderPipelines.Universal.Runtime", "Unity.RenderPipelines.Universal.Runtime.csproj", "{d84187ab-4051-706e-6c50-7df2e2848e11}"
EndProject
Project("{FAE04EC0-301F-11D3-BF4B-00C04F79EFBC}") = "Unity.RenderPipelines.Core.ShaderLibrary", "Unity.RenderPipelines.Core.ShaderLibrary.csproj", "{a7c2c12d-f7d7-b92f-ff9c-781b8bd901aa}"
EndProject
Project("{FAE04EC0-301F-11D3-BF4B-00C04F79EFBC}") = "Unity.RenderPipelines.Universal.Shaders", "Unity.RenderPipelines.Universal.Shaders.csproj", "{d461afba-ef9a-6580-3c77-0e25961afbbf}"
EndProject
Project("{FAE04EC0-301F-11D3-BF4B-00C04F79EFBC}") = "Unity.RenderPipelines.ShaderGraph.ShaderGraphLibrary", "Unity.RenderPipelines.ShaderGraph.ShaderGraphLibrary.csproj", "{8a0b5d21-21b5-31b2-6dc4-f0138defdeaf}"
EndProject
Project("{FAE04EC0-301F-11D3-BF4B-00C04F79EFBC}") = "Unity.RenderPipeline.Universal.ShaderLibrary", "Unity.RenderPipeline.Universal.ShaderLibrary.csproj", "{fc4e01f7-f126-acd1-b6fd-ddb333f59752}"
EndProject
Project("{FAE04EC0-301F-11D3-BF4B-00C04F79EFBC}") = "Unity.PlasticSCM.Editor", "Unity.PlasticSCM.Editor.csproj", "{d8509072-6d3a-3839-75e3-314e3eb0f5ba}"
EndProject
Project("{FAE04EC0-301F-11D3-BF4B-00C04F79EFBC}") = "com.talecrafter.animationimporter.Editor", "com.talecrafter.animationimporter.Editor.csproj", "{5d1f24c4-2e55-4332-b98b-dd3007473930}"
EndProject
Project("{FAE04EC0-301F-11D3-BF4B-00C04F79EFBC}") = "Unity.VisualStudio.Editor", "Unity.VisualStudio.Editor.csproj", "{bc715da1-8052-e8ef-3a6d-f4fccda1ee18}"
EndProject
Project("{FAE04EC0-301F-11D3-BF4B-00C04F79EFBC}") = "Unity.Timeline.Editor", "Unity.Timeline.Editor.csproj", "{42876d03-a3d7-d8b9-6c30-9818bab1ca3f}"
EndProject
Project("{FAE04EC0-301F-11D3-BF4B-00C04F79EFBC}") = "com.unity.cinemachine.editor", "com.unity.cinemachine.editor.csproj", "{b79282d7-1892-ac69-a3fe-0dc97f7a91cd}"
EndProject
Project("{FAE04EC0-301F-11D3-BF4B-00C04F79EFBC}") = "Unity.TextMeshPro.Editor", "Unity.TextMeshPro.Editor.csproj", "{25daa3a5-a994-4917-411e-9d4deb3c0e86}"
EndProject
Project("{FAE04EC0-301F-11D3-BF4B-00C04F79EFBC}") = "Unity.2D.Animation.Editor", "Unity.2D.Animation.Editor.csproj", "{04f57e20-5da3-2a7b-04ab-b0dde59c6886}"
EndProject
Project("{FAE04EC0-301F-11D3-BF4B-00C04F79EFBC}") = "Unity.CollabProxy.Editor", "Unity.CollabProxy.Editor.csproj", "{1e7965ce-b871-4ca9-d267-2bc962fd8420}"
EndProject
Project("{FAE04EC0-301F-11D3-BF4B-00C04F79EFBC}") = "UnityEditor.TestRunner", "UnityEditor.TestRunner.csproj", "{4e6c17e4-1032-e243-704b-e23be4527c86}"
EndProject
Project("{FAE04EC0-301F-11D3-BF4B-00C04F79EFBC}") = "Unity.Rider.Editor", "Unity.Rider.Editor.csproj", "{683f52af-512f-c6d4-f969-46b29bebfec8}"
EndProject
Project("{FAE04EC0-301F-11D3-BF4B-00C04F79EFBC}") = "Unity.2D.Path.Editor", "Unity.2D.Path.Editor.csproj", "{77f14a5b-a371-c2a5-7268-39ed3d8ff8c2}"
EndProject
Project("{FAE04EC0-301F-11D3-BF4B-00C04F79EFBC}") = "Unity.Services.Core.Editor", "Unity.Services.Core.Editor.csproj", "{4f8a2d02-fa63-78e3-f9b6-9bec3797fc38}"
EndProject
Project("{FAE04EC0-301F-11D3-BF4B-00C04F79EFBC}") = "PsdPlugin", "PsdPlugin.csproj", "{08c28888-76fc-ef03-e60c-3fae3c8936ab}"
EndProject
Project("{FAE04EC0-301F-11D3-BF4B-00C04F79EFBC}") = "Unity.2D.IK.Editor", "Unity.2D.IK.Editor.csproj", "{80139949-2c86-db07-2475-7b065997fb26}"
EndProject
Project("{FAE04EC0-301F-11D3-BF4B-00C04F79EFBC}") = "Unity.2D.Psdimporter.Editor", "Unity.2D.Psdimporter.Editor.csproj", "{e89057da-daf5-eb84-72ba-8c7c4cea7cc6}"
EndProject
Project("{FAE04EC0-301F-11D3-BF4B-00C04F79EFBC}") = "Unity.2D.SpriteShape.Editor", "Unity.2D.SpriteShape.Editor.csproj", "{173f19d1-59e8-e038-7185-577a03e8dd90}"
EndProject
Project("{FAE04EC0-301F-11D3-BF4B-00C04F79EFBC}") = "Unity.2D.PixelPerfect.Editor", "Unity.2D.PixelPerfect.Editor.csproj", "{02afeb2b-c34e-4498-84d5-674bcab7c2d4}"
EndProject
Project("{FAE04EC0-301F-11D3-BF4B-00C04F79EFBC}") = "Unity.VSCode.Editor", "Unity.VSCode.Editor.csproj", "{62208bf8-7064-2302-219f-5421dee29197}"
EndProject
Project("{FAE04EC0-301F-11D3-BF4B-00C04F79EFBC}") = "Unity.Mathematics.Editor", "Unity.Mathematics.Editor.csproj", "{07847a01-c35e-16d9-461c-d09feeae92ae}"
EndProject
Project("{FAE04EC0-301F-11D3-BF4B-00C04F79EFBC}") = "Unity.2D.Common.Editor", "Unity.2D.Common.Editor.csproj", "{1b352798-69ec-374c-1195-2fd7c18ae9b5}"
EndProject
Project("{FAE04EC0-301F-11D3-BF4B-00C04F79EFBC}") = "Unity.InternalAPIEditorBridge.001", "Unity.InternalAPIEditorBridge.001.csproj", "{82adb002-7a4f-3f7e-794b-0fca7be50cdf}"
EndProject
Project("{FAE04EC0-301F-11D3-BF4B-00C04F79EFBC}") = "Unity.ShaderGraph.Editor", "Unity.ShaderGraph.Editor.csproj", "{24225f15-a5af-e366-c8ce-733d88477cfa}"
EndProject
Project("{FAE04EC0-301F-11D3-BF4B-00C04F79EFBC}") = "Unity.RenderPipelines.Core.Editor", "Unity.RenderPipelines.Core.Editor.csproj", "{7cc459ff-efa3-cc24-ee4b-17f830cccd9c}"
EndProject
Project("{FAE04EC0-301F-11D3-BF4B-00C04F79EFBC}") = "Unity.RenderPipelines.Universal.Editor", "Unity.RenderPipelines.Universal.Editor.csproj", "{b735db70-e1a2-cde3-d0ca-1e11d241c763}"
EndProject
Project("{FAE04EC0-301F-11D3-BF4B-00C04F79EFBC}") = "Unity.ShaderGraph.Utilities", "Unity.ShaderGraph.Utilities.csproj", "{18ab2151-38e8-006f-135c-e88bb6bede74}"
EndProject
Project("{FAE04EC0-301F-11D3-BF4B-00C04F79EFBC}") = "Unity.Searcher.Editor", "Unity.Searcher.Editor.csproj", "{f8e1d4cf-6940-e277-5088-e2254f78f06d}"
EndProject
Global
	GlobalSection(SolutionConfigurationPlatforms) = preSolution
		Debug|Any CPU = Debug|Any CPU
	EndGlobalSection
	GlobalSection(ProjectConfigurationPlatforms) = postSolution
		{d7d0f455-b51d-41e4-1da6-11c19a165e17}.Debug|Any CPU.ActiveCfg = Debug|Any CPU
		{d7d0f455-b51d-41e4-1da6-11c19a165e17}.Debug|Any CPU.Build.0 = Debug|Any CPU
		{0f183c81-6cb5-82c8-eac3-b40546703b2f}.Debug|Any CPU.ActiveCfg = Debug|Any CPU
		{0f183c81-6cb5-82c8-eac3-b40546703b2f}.Debug|Any CPU.Build.0 = Debug|Any CPU
		{ee5c8958-bb52-127c-2d24-c49e75405ba2}.Debug|Any CPU.ActiveCfg = Debug|Any CPU
		{ee5c8958-bb52-127c-2d24-c49e75405ba2}.Debug|Any CPU.Build.0 = Debug|Any CPU
		{3b4bdb3b-e2f7-6587-08dc-2f1a9e55519e}.Debug|Any CPU.ActiveCfg = Debug|Any CPU
		{3b4bdb3b-e2f7-6587-08dc-2f1a9e55519e}.Debug|Any CPU.Build.0 = Debug|Any CPU
		{bd7d8784-693a-3d9c-04c9-e735a1fbb11e}.Debug|Any CPU.ActiveCfg = Debug|Any CPU
		{bd7d8784-693a-3d9c-04c9-e735a1fbb11e}.Debug|Any CPU.Build.0 = Debug|Any CPU
		{673d7791-0e00-f44e-8c38-4603c8be4145}.Debug|Any CPU.ActiveCfg = Debug|Any CPU
		{673d7791-0e00-f44e-8c38-4603c8be4145}.Debug|Any CPU.Build.0 = Debug|Any CPU
		{081f77f5-914b-1931-4ade-d8611dc07340}.Debug|Any CPU.ActiveCfg = Debug|Any CPU
		{081f77f5-914b-1931-4ade-d8611dc07340}.Debug|Any CPU.Build.0 = Debug|Any CPU
		{91960629-2765-aab3-930e-370b121c5741}.Debug|Any CPU.ActiveCfg = Debug|Any CPU
		{91960629-2765-aab3-930e-370b121c5741}.Debug|Any CPU.Build.0 = Debug|Any CPU
		{0ac2d99b-906c-b789-111f-fa00ba00d061}.Debug|Any CPU.ActiveCfg = Debug|Any CPU
		{0ac2d99b-906c-b789-111f-fa00ba00d061}.Debug|Any CPU.Build.0 = Debug|Any CPU
		{bf9a8539-2fbe-4d1f-43fd-d15f9bce5598}.Debug|Any CPU.ActiveCfg = Debug|Any CPU
		{bf9a8539-2fbe-4d1f-43fd-d15f9bce5598}.Debug|Any CPU.Build.0 = Debug|Any CPU
		{cdcda2d0-2951-1df3-81e7-5b92eb953ca3}.Debug|Any CPU.ActiveCfg = Debug|Any CPU
		{cdcda2d0-2951-1df3-81e7-5b92eb953ca3}.Debug|Any CPU.Build.0 = Debug|Any CPU
		{c68c652f-af49-ccd3-5142-f810307b5f16}.Debug|Any CPU.ActiveCfg = Debug|Any CPU
		{c68c652f-af49-ccd3-5142-f810307b5f16}.Debug|Any CPU.Build.0 = Debug|Any CPU
		{d99edfc7-221c-3312-96e7-d2efae9f49bb}.Debug|Any CPU.ActiveCfg = Debug|Any CPU
		{d99edfc7-221c-3312-96e7-d2efae9f49bb}.Debug|Any CPU.Build.0 = Debug|Any CPU
		{ce6d840e-c6d1-a310-edfc-99d97622eeac}.Debug|Any CPU.ActiveCfg = Debug|Any CPU
		{ce6d840e-c6d1-a310-edfc-99d97622eeac}.Debug|Any CPU.Build.0 = Debug|Any CPU
		{b0cbc076-3d47-3687-2c90-6fba62ecea15}.Debug|Any CPU.ActiveCfg = Debug|Any CPU
		{b0cbc076-3d47-3687-2c90-6fba62ecea15}.Debug|Any CPU.Build.0 = Debug|Any CPU
		{d84187ab-4051-706e-6c50-7df2e2848e11}.Debug|Any CPU.ActiveCfg = Debug|Any CPU
		{d84187ab-4051-706e-6c50-7df2e2848e11}.Debug|Any CPU.Build.0 = Debug|Any CPU
		{a7c2c12d-f7d7-b92f-ff9c-781b8bd901aa}.Debug|Any CPU.ActiveCfg = Debug|Any CPU
		{a7c2c12d-f7d7-b92f-ff9c-781b8bd901aa}.Debug|Any CPU.Build.0 = Debug|Any CPU
		{d461afba-ef9a-6580-3c77-0e25961afbbf}.Debug|Any CPU.ActiveCfg = Debug|Any CPU
		{d461afba-ef9a-6580-3c77-0e25961afbbf}.Debug|Any CPU.Build.0 = Debug|Any CPU
		{8a0b5d21-21b5-31b2-6dc4-f0138defdeaf}.Debug|Any CPU.ActiveCfg = Debug|Any CPU
		{8a0b5d21-21b5-31b2-6dc4-f0138defdeaf}.Debug|Any CPU.Build.0 = Debug|Any CPU
		{fc4e01f7-f126-acd1-b6fd-ddb333f59752}.Debug|Any CPU.ActiveCfg = Debug|Any CPU
		{fc4e01f7-f126-acd1-b6fd-ddb333f59752}.Debug|Any CPU.Build.0 = Debug|Any CPU
		{d8509072-6d3a-3839-75e3-314e3eb0f5ba}.Debug|Any CPU.ActiveCfg = Debug|Any CPU
		{d8509072-6d3a-3839-75e3-314e3eb0f5ba}.Debug|Any CPU.Build.0 = Debug|Any CPU
		{5d1f24c4-2e55-4332-b98b-dd3007473930}.Debug|Any CPU.ActiveCfg = Debug|Any CPU
		{5d1f24c4-2e55-4332-b98b-dd3007473930}.Debug|Any CPU.Build.0 = Debug|Any CPU
		{bc715da1-8052-e8ef-3a6d-f4fccda1ee18}.Debug|Any CPU.ActiveCfg = Debug|Any CPU
		{bc715da1-8052-e8ef-3a6d-f4fccda1ee18}.Debug|Any CPU.Build.0 = Debug|Any CPU
		{42876d03-a3d7-d8b9-6c30-9818bab1ca3f}.Debug|Any CPU.ActiveCfg = Debug|Any CPU
		{42876d03-a3d7-d8b9-6c30-9818bab1ca3f}.Debug|Any CPU.Build.0 = Debug|Any CPU
		{b79282d7-1892-ac69-a3fe-0dc97f7a91cd}.Debug|Any CPU.ActiveCfg = Debug|Any CPU
		{b79282d7-1892-ac69-a3fe-0dc97f7a91cd}.Debug|Any CPU.Build.0 = Debug|Any CPU
		{25daa3a5-a994-4917-411e-9d4deb3c0e86}.Debug|Any CPU.ActiveCfg = Debug|Any CPU
		{25daa3a5-a994-4917-411e-9d4deb3c0e86}.Debug|Any CPU.Build.0 = Debug|Any CPU
		{04f57e20-5da3-2a7b-04ab-b0dde59c6886}.Debug|Any CPU.ActiveCfg = Debug|Any CPU
		{04f57e20-5da3-2a7b-04ab-b0dde59c6886}.Debug|Any CPU.Build.0 = Debug|Any CPU
		{1e7965ce-b871-4ca9-d267-2bc962fd8420}.Debug|Any CPU.ActiveCfg = Debug|Any CPU
		{1e7965ce-b871-4ca9-d267-2bc962fd8420}.Debug|Any CPU.Build.0 = Debug|Any CPU
		{4e6c17e4-1032-e243-704b-e23be4527c86}.Debug|Any CPU.ActiveCfg = Debug|Any CPU
		{4e6c17e4-1032-e243-704b-e23be4527c86}.Debug|Any CPU.Build.0 = Debug|Any CPU
		{683f52af-512f-c6d4-f969-46b29bebfec8}.Debug|Any CPU.ActiveCfg = Debug|Any CPU
		{683f52af-512f-c6d4-f969-46b29bebfec8}.Debug|Any CPU.Build.0 = Debug|Any CPU
		{77f14a5b-a371-c2a5-7268-39ed3d8ff8c2}.Debug|Any CPU.ActiveCfg = Debug|Any CPU
		{77f14a5b-a371-c2a5-7268-39ed3d8ff8c2}.Debug|Any CPU.Build.0 = Debug|Any CPU
		{4f8a2d02-fa63-78e3-f9b6-9bec3797fc38}.Debug|Any CPU.ActiveCfg = Debug|Any CPU
		{4f8a2d02-fa63-78e3-f9b6-9bec3797fc38}.Debug|Any CPU.Build.0 = Debug|Any CPU
		{08c28888-76fc-ef03-e60c-3fae3c8936ab}.Debug|Any CPU.ActiveCfg = Debug|Any CPU
		{08c28888-76fc-ef03-e60c-3fae3c8936ab}.Debug|Any CPU.Build.0 = Debug|Any CPU
		{80139949-2c86-db07-2475-7b065997fb26}.Debug|Any CPU.ActiveCfg = Debug|Any CPU
		{80139949-2c86-db07-2475-7b065997fb26}.Debug|Any CPU.Build.0 = Debug|Any CPU
		{e89057da-daf5-eb84-72ba-8c7c4cea7cc6}.Debug|Any CPU.ActiveCfg = Debug|Any CPU
		{e89057da-daf5-eb84-72ba-8c7c4cea7cc6}.Debug|Any CPU.Build.0 = Debug|Any CPU
		{173f19d1-59e8-e038-7185-577a03e8dd90}.Debug|Any CPU.ActiveCfg = Debug|Any CPU
		{173f19d1-59e8-e038-7185-577a03e8dd90}.Debug|Any CPU.Build.0 = Debug|Any CPU
		{02afeb2b-c34e-4498-84d5-674bcab7c2d4}.Debug|Any CPU.ActiveCfg = Debug|Any CPU
		{02afeb2b-c34e-4498-84d5-674bcab7c2d4}.Debug|Any CPU.Build.0 = Debug|Any CPU
		{62208bf8-7064-2302-219f-5421dee29197}.Debug|Any CPU.ActiveCfg = Debug|Any CPU
		{62208bf8-7064-2302-219f-5421dee29197}.Debug|Any CPU.Build.0 = Debug|Any CPU
		{07847a01-c35e-16d9-461c-d09feeae92ae}.Debug|Any CPU.ActiveCfg = Debug|Any CPU
		{07847a01-c35e-16d9-461c-d09feeae92ae}.Debug|Any CPU.Build.0 = Debug|Any CPU
		{1b352798-69ec-374c-1195-2fd7c18ae9b5}.Debug|Any CPU.ActiveCfg = Debug|Any CPU
		{1b352798-69ec-374c-1195-2fd7c18ae9b5}.Debug|Any CPU.Build.0 = Debug|Any CPU
		{82adb002-7a4f-3f7e-794b-0fca7be50cdf}.Debug|Any CPU.ActiveCfg = Debug|Any CPU
		{82adb002-7a4f-3f7e-794b-0fca7be50cdf}.Debug|Any CPU.Build.0 = Debug|Any CPU
		{24225f15-a5af-e366-c8ce-733d88477cfa}.Debug|Any CPU.ActiveCfg = Debug|Any CPU
		{24225f15-a5af-e366-c8ce-733d88477cfa}.Debug|Any CPU.Build.0 = Debug|Any CPU
		{7cc459ff-efa3-cc24-ee4b-17f830cccd9c}.Debug|Any CPU.ActiveCfg = Debug|Any CPU
		{7cc459ff-efa3-cc24-ee4b-17f830cccd9c}.Debug|Any CPU.Build.0 = Debug|Any CPU
		{b735db70-e1a2-cde3-d0ca-1e11d241c763}.Debug|Any CPU.ActiveCfg = Debug|Any CPU
		{b735db70-e1a2-cde3-d0ca-1e11d241c763}.Debug|Any CPU.Build.0 = Debug|Any CPU
		{18ab2151-38e8-006f-135c-e88bb6bede74}.Debug|Any CPU.ActiveCfg = Debug|Any CPU
		{18ab2151-38e8-006f-135c-e88bb6bede74}.Debug|Any CPU.Build.0 = Debug|Any CPU
		{f8e1d4cf-6940-e277-5088-e2254f78f06d}.Debug|Any CPU.ActiveCfg = Debug|Any CPU
		{f8e1d4cf-6940-e277-5088-e2254f78f06d}.Debug|Any CPU.Build.0 = Debug|Any CPU
	EndGlobalSection
	GlobalSection(SolutionProperties) = preSolution
		HideSolutionNode = FALSE
	EndGlobalSection
EndGlobal
